
Microsoft Visual Studio Solution File, Format Version 12.00
# Visual Studio Version 17
VisualStudioVersion = 17.4.33213.308
MinimumVisualStudioVersion = 10.0.40219.1
Project("{FAE04EC0-301F-11D3-BF4B-00C04F79EFBC}") = "SudokuSolver", "SudokuSolver\SudokuSolver.csproj", "{CE6F93A2-2407-4BF9-B6D0-3BAE779C7620}"
EndProject
Global
	GlobalSection(SolutionConfigurationPlatforms) = preSolution
		Debug|Any CPU = Debug|Any CPU
		Release|Any CPU = Release|Any CPU
	EndGlobalSection
	GlobalSection(ProjectConfigurationPlatforms) = postSolution
		{CE6F93A2-2407-4BF9-B6D0-3BAE779C7620}.Debug|Any CPU.ActiveCfg = Debug|Any CPU
		{CE6F93A2-2407-4BF9-B6D0-3BAE779C7620}.Debug|Any CPU.Build.0 = Debug|Any CPU
		{CE6F93A2-2407-4BF9-B6D0-3BAE779C7620}.Release|Any CPU.ActiveCfg = Release|Any CPU
		{CE6F93A2-2407-4BF9-B6D0-3BAE779C7620}.Release|Any CPU.Build.0 = Release|Any CPU
	EndGlobalSection
	GlobalSection(SolutionProperties) = preSolution
		HideSolutionNode = FALSE
	EndGlobalSection
	GlobalSection(ExtensibilityGlobals) = postSolution
		SolutionGuid = {F64D3787-5028-4339-BCB0-3522E7D1C66E}
	EndGlobalSection
EndGlobal
